
Microsoft Visual Studio Solution File, Format Version 12.00
# Visual Studio Version 17
VisualStudioVersion = 17.7.34221.43
MinimumVisualStudioVersion = 10.0.40219.1
Project("{9A19103F-16F7-4668-BE54-9A1E7A4F7556}") = "CarRentalManagement.Server", "CarRentalManagement\Server\CarRentalManagement.Server.csproj", "{4FC61CEB-3278-422D-B110-EBB4C1B50AD5}"
EndProject
Project("{9A19103F-16F7-4668-BE54-9A1E7A4F7556}") = "CarRentalManagement.Client", "CarRentalManagement\Client\CarRentalManagement.Client.csproj", "{CE6171CC-FE65-426C-8859-A79D17B8BDD8}"
EndProject
Project("{9A19103F-16F7-4668-BE54-9A1E7A4F7556}") = "CarRentalManagement.Shared", "CarRentalManagement\Shared\CarRentalManagement.Shared.csproj", "{33842A96-7E79-4F1C-8A11-35E078C89F25}"
EndProject
Global
	GlobalSection(SolutionConfigurationPlatforms) = preSolution
		Debug|Any CPU = Debug|Any CPU
		Release|Any CPU = Release|Any CPU
	EndGlobalSection
	GlobalSection(ProjectConfigurationPlatforms) = postSolution
		{4FC61CEB-3278-422D-B110-EBB4C1B50AD5}.Debug|Any CPU.ActiveCfg = Debug|Any CPU
		{4FC61CEB-3278-422D-B110-EBB4C1B50AD5}.Debug|Any CPU.Build.0 = Debug|Any CPU
		{4FC61CEB-3278-422D-B110-EBB4C1B50AD5}.Release|Any CPU.ActiveCfg = Release|Any CPU
		{4FC61CEB-3278-422D-B110-EBB4C1B50AD5}.Release|Any CPU.Build.0 = Release|Any CPU
		{CE6171CC-FE65-426C-8859-A79D17B8BDD8}.Debug|Any CPU.ActiveCfg = Debug|Any CPU
		{CE6171CC-FE65-426C-8859-A79D17B8BDD8}.Debug|Any CPU.Build.0 = Debug|Any CPU
		{CE6171CC-FE65-426C-8859-A79D17B8BDD8}.Release|Any CPU.ActiveCfg = Release|Any CPU
		{CE6171CC-FE65-426C-8859-A79D17B8BDD8}.Release|Any CPU.Build.0 = Release|Any CPU
		{33842A96-7E79-4F1C-8A11-35E078C89F25}.Debug|Any CPU.ActiveCfg = Debug|Any CPU
		{33842A96-7E79-4F1C-8A11-35E078C89F25}.Debug|Any CPU.Build.0 = Debug|Any CPU
		{33842A96-7E79-4F1C-8A11-35E078C89F25}.Release|Any CPU.ActiveCfg = Release|Any CPU
		{33842A96-7E79-4F1C-8A11-35E078C89F25}.Release|Any CPU.Build.0 = Release|Any CPU
	EndGlobalSection
	GlobalSection(SolutionProperties) = preSolution
		HideSolutionNode = FALSE
	EndGlobalSection
	GlobalSection(ExtensibilityGlobals) = postSolution
		SolutionGuid = {03E69FD7-20EC-46AF-98C6-3EF1F1917E6E}
	EndGlobalSection
EndGlobal
